
Microsoft Visual Studio Solution File, Format Version 12.00
# Visual Studio Version 16
VisualStudioVersion = 16.0.32630.194
MinimumVisualStudioVersion = 10.0.40219.1
Project("{9A19103F-16F7-4668-BE54-9A1E7A4F7556}") = "Spijodic_Melika", "Spijodic_Melika\Spijodic_Melika.csproj", "{144E7EF3-F3DE-4864-9742-60D0165EA1BB}"
EndProject
Global
	GlobalSection(SolutionConfigurationPlatforms) = preSolution
		Debug|Any CPU = Debug|Any CPU
		Release|Any CPU = Release|Any CPU
	EndGlobalSection
	GlobalSection(ProjectConfigurationPlatforms) = postSolution
		{144E7EF3-F3DE-4864-9742-60D0165EA1BB}.Debug|Any CPU.ActiveCfg = Debug|Any CPU
		{144E7EF3-F3DE-4864-9742-60D0165EA1BB}.Debug|Any CPU.Build.0 = Debug|Any CPU
		{144E7EF3-F3DE-4864-9742-60D0165EA1BB}.Release|Any CPU.ActiveCfg = Release|Any CPU
		{144E7EF3-F3DE-4864-9742-60D0165EA1BB}.Release|Any CPU.Build.0 = Release|Any CPU
	EndGlobalSection
	GlobalSection(SolutionProperties) = preSolution
		HideSolutionNode = FALSE
	EndGlobalSection
	GlobalSection(ExtensibilityGlobals) = postSolution
		SolutionGuid = {56391389-BEF6-4A06-AFA4-418E899D644C}
	EndGlobalSection
EndGlobal
